
Microsoft Visual Studio Solution File, Format Version 12.00
# Visual Studio Version 16
VisualStudioVersion = 16.0.31402.337
MinimumVisualStudioVersion = 10.0.40219.1
Project("{9A19103F-16F7-4668-BE54-9A1E7A4F7556}") = "HotLib", "HotLib\HotLib.csproj", "{CCFE8B7C-BFF6-4221-866D-8EB06784C8AF}"
EndProject
Project("{FAE04EC0-301F-11D3-BF4B-00C04F79EFBC}") = "HotLib.Retired", "HotLib.Retired\HotLib.Retired.csproj", "{29322AA6-EF83-460F-8AD1-816CA6CC2E1E}"
EndProject
Global
	GlobalSection(SolutionConfigurationPlatforms) = preSolution
		Debug|Any CPU = Debug|Any CPU
		Release|Any CPU = Release|Any CPU
	EndGlobalSection
	GlobalSection(ProjectConfigurationPlatforms) = postSolution
		{CCFE8B7C-BFF6-4221-866D-8EB06784C8AF}.Debug|Any CPU.ActiveCfg = Debug|Any CPU
		{CCFE8B7C-BFF6-4221-866D-8EB06784C8AF}.Debug|Any CPU.Build.0 = Debug|Any CPU
		{CCFE8B7C-BFF6-4221-866D-8EB06784C8AF}.Release|Any CPU.ActiveCfg = Release|Any CPU
		{CCFE8B7C-BFF6-4221-866D-8EB06784C8AF}.Release|Any CPU.Build.0 = Release|Any CPU
		{29322AA6-EF83-460F-8AD1-816CA6CC2E1E}.Debug|Any CPU.ActiveCfg = Debug|Any CPU
		{29322AA6-EF83-460F-8AD1-816CA6CC2E1E}.Debug|Any CPU.Build.0 = Debug|Any CPU
		{29322AA6-EF83-460F-8AD1-816CA6CC2E1E}.Release|Any CPU.ActiveCfg = Release|Any CPU
		{29322AA6-EF83-460F-8AD1-816CA6CC2E1E}.Release|Any CPU.Build.0 = Release|Any CPU
	EndGlobalSection
	GlobalSection(SolutionProperties) = preSolution
		HideSolutionNode = FALSE
	EndGlobalSection
	GlobalSection(ExtensibilityGlobals) = postSolution
		SolutionGuid = {8C7F8726-00D3-4B4B-BFC3-6C2D37D133AA}
	EndGlobalSection
EndGlobal
